
Microsoft Visual Studio Solution File, Format Version 12.00
# Visual Studio Version 17
VisualStudioVersion = 17.6.33815.320
MinimumVisualStudioVersion = 10.0.40219.1
Project("{2150E333-8FDC-42A3-9474-1A3956D46DE8}") = "Solution Items", "Solution Items", "{7D3B82E1-0428-4F38-BCB6-CD4008F43C2B}"
	ProjectSection(SolutionItems) = preProject
		.gitignore = .gitignore
		CommonPackageHandling.targets = CommonPackageHandling.targets
		Directory.Packages.props = Directory.Packages.props
		LazyMagic.yaml = LazyMagic.yaml
		LICENSE.txt = LICENSE.txt
		LocalApis.json = LocalApis.json
		openapi.admin-schema.yaml = openapi.admin-schema.yaml
		openapi.admin.yaml = openapi.admin.yaml
		openapi.consumer-schema.yaml = openapi.consumer-schema.yaml
		openapi.consumer.yaml = openapi.consumer.yaml
		openapi.public-schema.yaml = openapi.public-schema.yaml
		openapi.public.yaml = openapi.public.yaml
		openapi.shared-schema.yaml = openapi.shared-schema.yaml
		openapi.store-schema.yaml = openapi.store-schema.yaml
		openapi.store.yaml = openapi.store.yaml
		openapi.subscriptions-schema.yaml = openapi.subscriptions-schema.yaml
		openapi.subscriptions.yaml = openapi.subscriptions.yaml
		.github\workflows\publish-nuget.yaml = .github\workflows\publish-nuget.yaml
		README.md = README.md
		ServiceVersion.props = ServiceVersion.props
	EndProjectSection
EndProject
Project("{9A19103F-16F7-4668-BE54-9A1E7A4F7556}") = "MakeRelease", "MakeRelease\MakeRelease.csproj", "{F1F11D3F-EBC4-40C1-8651-456A72D58DA1}"
EndProject
Project("{9A19103F-16F7-4668-BE54-9A1E7A4F7556}") = "AWSTemplates", "AWSTemplates\AWSTemplates.csproj", "{B8EE3057-0BCC-4D51-8137-88991B57FBDE}"
EndProject
Project("{9A19103F-16F7-4668-BE54-9A1E7A4F7556}") = "Schema", "ProjectTemplates\Schema\Schema.csproj", "{C28420D1-942A-4B14-8C0F-364176C81F74}"
EndProject
Project("{2150E333-8FDC-42A3-9474-1A3956D46DE8}") = "ProjectTemplates", "ProjectTemplates", "{CB7F969B-7AA8-45AD-9AE4-9AB646E9C230}"
	ProjectSection(SolutionItems) = preProject
		ProjectTemplates\README.md = ProjectTemplates\README.md
	EndProjectSection
EndProject
Project("{9A19103F-16F7-4668-BE54-9A1E7A4F7556}") = "Repo", "ProjectTemplates\Repo\Repo.csproj", "{7B6A843F-ABDE-4DC6-879C-F22567EF4860}"
EndProject
Project("{9A19103F-16F7-4668-BE54-9A1E7A4F7556}") = "Controller", "ProjectTemplates\Controller\Controller.csproj", "{4B88AD5F-39AF-4D38-8B88-18AD8A1CF497}"
EndProject
Project("{9A19103F-16F7-4668-BE54-9A1E7A4F7556}") = "Lambda", "ProjectTemplates\Lambda\Lambda.csproj", "{EAE6B3B4-1F2D-4A76-BC4C-5959C30921F4}"
EndProject
Project("{9A19103F-16F7-4668-BE54-9A1E7A4F7556}") = "WebApi", "ProjectTemplates\WebApi\WebApi.csproj", "{50F561EE-2FC9-43D7-9F9C-5E885A70ABBC}"
EndProject
Project("{9A19103F-16F7-4668-BE54-9A1E7A4F7556}") = "ClientSDK", "ProjectTemplates\ClientSDK\ClientSDK.csproj", "{3BF7AA9C-3147-47D0-9335-38922D538AC2}"
EndProject
Project("{9A19103F-16F7-4668-BE54-9A1E7A4F7556}") = "Authorization", "ProjectTemplates\Authorization\Authorization.csproj", "{D88F7D53-29A2-4717-997D-32977B2B5E9C}"
EndProject
Project("{2150E333-8FDC-42A3-9474-1A3956D46DE8}") = "Containers", "Containers", "{FAF6C838-3B9D-4855-BA48-F09ADE9E29DD}"
EndProject
Project("{2150E333-8FDC-42A3-9474-1A3956D46DE8}") = "Schemas", "Schemas", "{628EE4FB-4398-435C-A637-8A7F2F59D2D2}"
EndProject
Project("{2150E333-8FDC-42A3-9474-1A3956D46DE8}") = "ClientSDKs", "ClientSDKs", "{AB5364B2-AFA3-45F1-BA33-98908617401C}"
EndProject
Project("{9A19103F-16F7-4668-BE54-9A1E7A4F7556}") = "LocalWebService", "LocalWebService\LocalWebService.csproj", "{0D98935D-CB3D-4BBB-BEA0-71F22CD97F12}"
EndProject
Project("{9A19103F-16F7-4668-BE54-9A1E7A4F7556}") = "WebSocket", "ProjectTemplates\WebSocket\WebSocket.csproj", "{B0A44868-1662-4670-8D87-547B90F6329F}"
EndProject
Project("{9A19103F-16F7-4668-BE54-9A1E7A4F7556}") = "StoreApi", "ClientSDKs\StoreApi\StoreApi.csproj", "{83ED37E5-B871-46E3-B18E-A398A4F9A5FD}"
EndProject
Project("{9A19103F-16F7-4668-BE54-9A1E7A4F7556}") = "ConsumerApi", "ClientSDKs\ConsumerApi\ConsumerApi.csproj", "{275BEF8C-0938-4216-9539-96AF0AB37D59}"
EndProject
Project("{9A19103F-16F7-4668-BE54-9A1E7A4F7556}") = "PublicApi", "ClientSDKs\PublicApi\PublicApi.csproj", "{0D7A3DD4-BEAD-4232-8AE9-AF76F7451067}"
EndProject
Project("{9A19103F-16F7-4668-BE54-9A1E7A4F7556}") = "ConsumerSchema", "Schemas\ConsumerSchema\ConsumerSchema.csproj", "{8BD8F686-500D-4F24-9947-2A88400AE19D}"
EndProject
Project("{9A19103F-16F7-4668-BE54-9A1E7A4F7556}") = "ConsumerSchemaRepo", "Schemas\ConsumerSchemaRepo\ConsumerSchemaRepo.csproj", "{C0EEBC00-9A61-4F42-BB11-CD027CD735C4}"
EndProject
Project("{9A19103F-16F7-4668-BE54-9A1E7A4F7556}") = "SharedSchema", "Schemas\SharedSchema\SharedSchema.csproj", "{993A7171-D6A8-42D9-9862-4BEFBAC71C9B}"
EndProject
Project("{9A19103F-16F7-4668-BE54-9A1E7A4F7556}") = "SharedSchemaRepo", "Schemas\SharedSchemaRepo\SharedSchemaRepo.csproj", "{B4D5F471-DE66-4ECC-BC7F-1E93A7E52789}"
EndProject
Project("{9A19103F-16F7-4668-BE54-9A1E7A4F7556}") = "StoreSchema", "Schemas\StoreSchema\StoreSchema.csproj", "{63E1E5DC-BF6D-4647-AC50-9E6130F1BC79}"
EndProject
Project("{9A19103F-16F7-4668-BE54-9A1E7A4F7556}") = "StoreSchemaRepo", "Schemas\StoreSchemaRepo\StoreSchemaRepo.csproj", "{1FB01F38-6F7E-446C-AA13-C87C5E51F135}"
EndProject
Project("{9A19103F-16F7-4668-BE54-9A1E7A4F7556}") = "SubscriptionsSchema", "Schemas\SubscriptionsSchema\SubscriptionsSchema.csproj", "{94018000-E0DA-412C-8FCE-0EC5A4E2BE58}"
EndProject
Project("{9A19103F-16F7-4668-BE54-9A1E7A4F7556}") = "SubscriptionsSchemaRepo", "Schemas\SubscriptionsSchemaRepo\SubscriptionsSchemaRepo.csproj", "{C6D1F2EE-C9DB-4D2A-9360-35D4E3D1A13D}"
EndProject
Project("{9A19103F-16F7-4668-BE54-9A1E7A4F7556}") = "AdminSchema", "Schemas\AdminSchema\AdminSchema.csproj", "{13A964F1-AD26-400A-85F5-027AA30609E3}"
EndProject
Project("{9A19103F-16F7-4668-BE54-9A1E7A4F7556}") = "AdminSchemaRepo", "Schemas\AdminSchemaRepo\AdminSchemaRepo.csproj", "{729ED72A-2D69-461F-8644-169A98BE30F7}"
EndProject
Project("{9A19103F-16F7-4668-BE54-9A1E7A4F7556}") = "PublicSchema", "Schemas\PublicSchema\PublicSchema.csproj", "{6DFCF76C-0A4A-430A-B707-BA9FD6426866}"
EndProject
Project("{9A19103F-16F7-4668-BE54-9A1E7A4F7556}") = "PublicSchemaRepo", "Schemas\PublicSchemaRepo\PublicSchemaRepo.csproj", "{E20AB576-E3BE-4A1A-AA69-AC82A1C21660}"
EndProject
Project("{9A19103F-16F7-4668-BE54-9A1E7A4F7556}") = "WebSocketLambda", "Containers\WebSocketLambda\WebSocketLambda.csproj", "{379F249C-939E-4F64-A8D0-F1A85E377E32}"
EndProject
Project("{9A19103F-16F7-4668-BE54-9A1E7A4F7556}") = "StoreLambda", "Containers\StoreLambda\StoreLambda.csproj", "{16816CFC-7873-430A-99B5-F8C5B7B9FF26}"
EndProject
Project("{9A19103F-16F7-4668-BE54-9A1E7A4F7556}") = "ConsumerLambda", "Containers\ConsumerLambda\ConsumerLambda.csproj", "{A0849B47-283B-4FFC-8945-8ECB0BB087B7}"
EndProject
Project("{9A19103F-16F7-4668-BE54-9A1E7A4F7556}") = "PublicLambda", "Containers\PublicLambda\PublicLambda.csproj", "{E0C4026C-EE61-48A9-ADB5-18A073DEDBED}"
EndProject
Project("{2150E333-8FDC-42A3-9474-1A3956D46DE8}") = "Modules", "Modules", "{57AACA63-0021-429A-B7F7-B2D489D454B7}"
EndProject
Project("{9A19103F-16F7-4668-BE54-9A1E7A4F7556}") = "SubscriptionsModule", "Modules\SubscriptionsModule\SubscriptionsModule.csproj", "{62B77AC1-6B1F-42F4-8F46-C0D66FE56B9F}"
EndProject
Project("{9A19103F-16F7-4668-BE54-9A1E7A4F7556}") = "StoreModule", "Modules\StoreModule\StoreModule.csproj", "{76CE0C58-CF17-4CF8-9F8F-D565A8056774}"
EndProject
Project("{9A19103F-16F7-4668-BE54-9A1E7A4F7556}") = "ConsumerModule", "Modules\ConsumerModule\ConsumerModule.csproj", "{79BFCBF7-E0AB-4D4D-9206-AC45B2855051}"
EndProject
Project("{9A19103F-16F7-4668-BE54-9A1E7A4F7556}") = "PublicModule", "Modules\PublicModule\PublicModule.csproj", "{A41AEC7C-E932-4EA6-A568-FD1762FD3C54}"
EndProject
Project("{FAE04EC0-301F-11D3-BF4B-00C04F79EFBC}") = "NotificationsLambda", "Containers\NotificationsLambda\NotificationsLambda.csproj", "{2DF2837B-AAB6-467B-BC49-6008346D0EA4}"
EndProject
Global
	GlobalSection(SolutionConfigurationPlatforms) = preSolution
		Debug|Any CPU = Debug|Any CPU
		Release|Any CPU = Release|Any CPU
	EndGlobalSection
	GlobalSection(ProjectConfigurationPlatforms) = postSolution
		{F1F11D3F-EBC4-40C1-8651-456A72D58DA1}.Debug|Any CPU.ActiveCfg = Debug|Any CPU
		{F1F11D3F-EBC4-40C1-8651-456A72D58DA1}.Debug|Any CPU.Build.0 = Debug|Any CPU
		{F1F11D3F-EBC4-40C1-8651-456A72D58DA1}.Release|Any CPU.ActiveCfg = Release|Any CPU
		{F1F11D3F-EBC4-40C1-8651-456A72D58DA1}.Release|Any CPU.Build.0 = Release|Any CPU
		{B8EE3057-0BCC-4D51-8137-88991B57FBDE}.Debug|Any CPU.ActiveCfg = Debug|Any CPU
		{B8EE3057-0BCC-4D51-8137-88991B57FBDE}.Debug|Any CPU.Build.0 = Debug|Any CPU
		{B8EE3057-0BCC-4D51-8137-88991B57FBDE}.Release|Any CPU.ActiveCfg = Release|Any CPU
		{B8EE3057-0BCC-4D51-8137-88991B57FBDE}.Release|Any CPU.Build.0 = Release|Any CPU
		{C28420D1-942A-4B14-8C0F-364176C81F74}.Debug|Any CPU.ActiveCfg = Debug|Any CPU
		{C28420D1-942A-4B14-8C0F-364176C81F74}.Debug|Any CPU.Build.0 = Debug|Any CPU
		{C28420D1-942A-4B14-8C0F-364176C81F74}.Release|Any CPU.ActiveCfg = Release|Any CPU
		{C28420D1-942A-4B14-8C0F-364176C81F74}.Release|Any CPU.Build.0 = Release|Any CPU
		{7B6A843F-ABDE-4DC6-879C-F22567EF4860}.Debug|Any CPU.ActiveCfg = Debug|Any CPU
		{7B6A843F-ABDE-4DC6-879C-F22567EF4860}.Debug|Any CPU.Build.0 = Debug|Any CPU
		{7B6A843F-ABDE-4DC6-879C-F22567EF4860}.Release|Any CPU.ActiveCfg = Release|Any CPU
		{7B6A843F-ABDE-4DC6-879C-F22567EF4860}.Release|Any CPU.Build.0 = Release|Any CPU
		{4B88AD5F-39AF-4D38-8B88-18AD8A1CF497}.Debug|Any CPU.ActiveCfg = Debug|Any CPU
		{4B88AD5F-39AF-4D38-8B88-18AD8A1CF497}.Debug|Any CPU.Build.0 = Debug|Any CPU
		{4B88AD5F-39AF-4D38-8B88-18AD8A1CF497}.Release|Any CPU.ActiveCfg = Release|Any CPU
		{4B88AD5F-39AF-4D38-8B88-18AD8A1CF497}.Release|Any CPU.Build.0 = Release|Any CPU
		{EAE6B3B4-1F2D-4A76-BC4C-5959C30921F4}.Debug|Any CPU.ActiveCfg = Debug|Any CPU
		{EAE6B3B4-1F2D-4A76-BC4C-5959C30921F4}.Debug|Any CPU.Build.0 = Debug|Any CPU
		{EAE6B3B4-1F2D-4A76-BC4C-5959C30921F4}.Release|Any CPU.ActiveCfg = Release|Any CPU
		{EAE6B3B4-1F2D-4A76-BC4C-5959C30921F4}.Release|Any CPU.Build.0 = Release|Any CPU
		{50F561EE-2FC9-43D7-9F9C-5E885A70ABBC}.Debug|Any CPU.ActiveCfg = Debug|Any CPU
		{50F561EE-2FC9-43D7-9F9C-5E885A70ABBC}.Debug|Any CPU.Build.0 = Debug|Any CPU
		{50F561EE-2FC9-43D7-9F9C-5E885A70ABBC}.Release|Any CPU.ActiveCfg = Release|Any CPU
		{50F561EE-2FC9-43D7-9F9C-5E885A70ABBC}.Release|Any CPU.Build.0 = Release|Any CPU
		{3BF7AA9C-3147-47D0-9335-38922D538AC2}.Debug|Any CPU.ActiveCfg = Debug|Any CPU
		{3BF7AA9C-3147-47D0-9335-38922D538AC2}.Debug|Any CPU.Build.0 = Debug|Any CPU
		{3BF7AA9C-3147-47D0-9335-38922D538AC2}.Release|Any CPU.ActiveCfg = Release|Any CPU
		{3BF7AA9C-3147-47D0-9335-38922D538AC2}.Release|Any CPU.Build.0 = Release|Any CPU
		{D88F7D53-29A2-4717-997D-32977B2B5E9C}.Debug|Any CPU.ActiveCfg = Debug|Any CPU
		{D88F7D53-29A2-4717-997D-32977B2B5E9C}.Debug|Any CPU.Build.0 = Debug|Any CPU
		{D88F7D53-29A2-4717-997D-32977B2B5E9C}.Release|Any CPU.ActiveCfg = Release|Any CPU
		{D88F7D53-29A2-4717-997D-32977B2B5E9C}.Release|Any CPU.Build.0 = Release|Any CPU
		{0D98935D-CB3D-4BBB-BEA0-71F22CD97F12}.Debug|Any CPU.ActiveCfg = Debug|Any CPU
		{0D98935D-CB3D-4BBB-BEA0-71F22CD97F12}.Debug|Any CPU.Build.0 = Debug|Any CPU
		{0D98935D-CB3D-4BBB-BEA0-71F22CD97F12}.Release|Any CPU.ActiveCfg = Release|Any CPU
		{0D98935D-CB3D-4BBB-BEA0-71F22CD97F12}.Release|Any CPU.Build.0 = Release|Any CPU
		{B0A44868-1662-4670-8D87-547B90F6329F}.Debug|Any CPU.ActiveCfg = Debug|Any CPU
		{B0A44868-1662-4670-8D87-547B90F6329F}.Debug|Any CPU.Build.0 = Debug|Any CPU
		{B0A44868-1662-4670-8D87-547B90F6329F}.Release|Any CPU.ActiveCfg = Release|Any CPU
		{B0A44868-1662-4670-8D87-547B90F6329F}.Release|Any CPU.Build.0 = Release|Any CPU
		{83ED37E5-B871-46E3-B18E-A398A4F9A5FD}.Debug|Any CPU.ActiveCfg = Debug|Any CPU
		{83ED37E5-B871-46E3-B18E-A398A4F9A5FD}.Debug|Any CPU.Build.0 = Debug|Any CPU
		{83ED37E5-B871-46E3-B18E-A398A4F9A5FD}.Release|Any CPU.ActiveCfg = Release|Any CPU
		{83ED37E5-B871-46E3-B18E-A398A4F9A5FD}.Release|Any CPU.Build.0 = Release|Any CPU
		{275BEF8C-0938-4216-9539-96AF0AB37D59}.Debug|Any CPU.ActiveCfg = Debug|Any CPU
		{275BEF8C-0938-4216-9539-96AF0AB37D59}.Debug|Any CPU.Build.0 = Debug|Any CPU
		{275BEF8C-0938-4216-9539-96AF0AB37D59}.Release|Any CPU.ActiveCfg = Release|Any CPU
		{275BEF8C-0938-4216-9539-96AF0AB37D59}.Release|Any CPU.Build.0 = Release|Any CPU
		{0D7A3DD4-BEAD-4232-8AE9-AF76F7451067}.Debug|Any CPU.ActiveCfg = Debug|Any CPU
		{0D7A3DD4-BEAD-4232-8AE9-AF76F7451067}.Debug|Any CPU.Build.0 = Debug|Any CPU
		{0D7A3DD4-BEAD-4232-8AE9-AF76F7451067}.Release|Any CPU.ActiveCfg = Release|Any CPU
		{0D7A3DD4-BEAD-4232-8AE9-AF76F7451067}.Release|Any CPU.Build.0 = Release|Any CPU
		{8BD8F686-500D-4F24-9947-2A88400AE19D}.Debug|Any CPU.ActiveCfg = Debug|Any CPU
		{8BD8F686-500D-4F24-9947-2A88400AE19D}.Debug|Any CPU.Build.0 = Debug|Any CPU
		{8BD8F686-500D-4F24-9947-2A88400AE19D}.Release|Any CPU.ActiveCfg = Release|Any CPU
		{8BD8F686-500D-4F24-9947-2A88400AE19D}.Release|Any CPU.Build.0 = Release|Any CPU
		{C0EEBC00-9A61-4F42-BB11-CD027CD735C4}.Debug|Any CPU.ActiveCfg = Debug|Any CPU
		{C0EEBC00-9A61-4F42-BB11-CD027CD735C4}.Debug|Any CPU.Build.0 = Debug|Any CPU
		{C0EEBC00-9A61-4F42-BB11-CD027CD735C4}.Release|Any CPU.ActiveCfg = Release|Any CPU
		{C0EEBC00-9A61-4F42-BB11-CD027CD735C4}.Release|Any CPU.Build.0 = Release|Any CPU
		{993A7171-D6A8-42D9-9862-4BEFBAC71C9B}.Debug|Any CPU.ActiveCfg = Debug|Any CPU
		{993A7171-D6A8-42D9-9862-4BEFBAC71C9B}.Debug|Any CPU.Build.0 = Debug|Any CPU
		{993A7171-D6A8-42D9-9862-4BEFBAC71C9B}.Release|Any CPU.ActiveCfg = Release|Any CPU
		{993A7171-D6A8-42D9-9862-4BEFBAC71C9B}.Release|Any CPU.Build.0 = Release|Any CPU
		{B4D5F471-DE66-4ECC-BC7F-1E93A7E52789}.Debug|Any CPU.ActiveCfg = Debug|Any CPU
		{B4D5F471-DE66-4ECC-BC7F-1E93A7E52789}.Debug|Any CPU.Build.0 = Debug|Any CPU
		{B4D5F471-DE66-4ECC-BC7F-1E93A7E52789}.Release|Any CPU.ActiveCfg = Release|Any CPU
		{B4D5F471-DE66-4ECC-BC7F-1E93A7E52789}.Release|Any CPU.Build.0 = Release|Any CPU
		{63E1E5DC-BF6D-4647-AC50-9E6130F1BC79}.Debug|Any CPU.ActiveCfg = Debug|Any CPU
		{63E1E5DC-BF6D-4647-AC50-9E6130F1BC79}.Debug|Any CPU.Build.0 = Debug|Any CPU
		{63E1E5DC-BF6D-4647-AC50-9E6130F1BC79}.Release|Any CPU.ActiveCfg = Release|Any CPU
		{63E1E5DC-BF6D-4647-AC50-9E6130F1BC79}.Release|Any CPU.Build.0 = Release|Any CPU
		{1FB01F38-6F7E-446C-AA13-C87C5E51F135}.Debug|Any CPU.ActiveCfg = Debug|Any CPU
		{1FB01F38-6F7E-446C-AA13-C87C5E51F135}.Debug|Any CPU.Build.0 = Debug|Any CPU
		{1FB01F38-6F7E-446C-AA13-C87C5E51F135}.Release|Any CPU.ActiveCfg = Release|Any CPU
		{1FB01F38-6F7E-446C-AA13-C87C5E51F135}.Release|Any CPU.Build.0 = Release|Any CPU
		{94018000-E0DA-412C-8FCE-0EC5A4E2BE58}.Debug|Any CPU.ActiveCfg = Debug|Any CPU
		{94018000-E0DA-412C-8FCE-0EC5A4E2BE58}.Debug|Any CPU.Build.0 = Debug|Any CPU
		{94018000-E0DA-412C-8FCE-0EC5A4E2BE58}.Release|Any CPU.ActiveCfg = Release|Any CPU
		{94018000-E0DA-412C-8FCE-0EC5A4E2BE58}.Release|Any CPU.Build.0 = Release|Any CPU
		{C6D1F2EE-C9DB-4D2A-9360-35D4E3D1A13D}.Debug|Any CPU.ActiveCfg = Debug|Any CPU
		{C6D1F2EE-C9DB-4D2A-9360-35D4E3D1A13D}.Debug|Any CPU.Build.0 = Debug|Any CPU
		{C6D1F2EE-C9DB-4D2A-9360-35D4E3D1A13D}.Release|Any CPU.ActiveCfg = Release|Any CPU
		{C6D1F2EE-C9DB-4D2A-9360-35D4E3D1A13D}.Release|Any CPU.Build.0 = Release|Any CPU
		{13A964F1-AD26-400A-85F5-027AA30609E3}.Debug|Any CPU.ActiveCfg = Debug|Any CPU
		{13A964F1-AD26-400A-85F5-027AA30609E3}.Debug|Any CPU.Build.0 = Debug|Any CPU
		{13A964F1-AD26-400A-85F5-027AA30609E3}.Release|Any CPU.ActiveCfg = Release|Any CPU
		{13A964F1-AD26-400A-85F5-027AA30609E3}.Release|Any CPU.Build.0 = Release|Any CPU
		{729ED72A-2D69-461F-8644-169A98BE30F7}.Debug|Any CPU.ActiveCfg = Debug|Any CPU
		{729ED72A-2D69-461F-8644-169A98BE30F7}.Debug|Any CPU.Build.0 = Debug|Any CPU
		{729ED72A-2D69-461F-8644-169A98BE30F7}.Release|Any CPU.ActiveCfg = Release|Any CPU
		{729ED72A-2D69-461F-8644-169A98BE30F7}.Release|Any CPU.Build.0 = Release|Any CPU
		{6DFCF76C-0A4A-430A-B707-BA9FD6426866}.Debug|Any CPU.ActiveCfg = Debug|Any CPU
		{6DFCF76C-0A4A-430A-B707-BA9FD6426866}.Debug|Any CPU.Build.0 = Debug|Any CPU
		{6DFCF76C-0A4A-430A-B707-BA9FD6426866}.Release|Any CPU.ActiveCfg = Release|Any CPU
		{6DFCF76C-0A4A-430A-B707-BA9FD6426866}.Release|Any CPU.Build.0 = Release|Any CPU
		{E20AB576-E3BE-4A1A-AA69-AC82A1C21660}.Debug|Any CPU.ActiveCfg = Debug|Any CPU
		{E20AB576-E3BE-4A1A-AA69-AC82A1C21660}.Debug|Any CPU.Build.0 = Debug|Any CPU
		{E20AB576-E3BE-4A1A-AA69-AC82A1C21660}.Release|Any CPU.ActiveCfg = Release|Any CPU
		{E20AB576-E3BE-4A1A-AA69-AC82A1C21660}.Release|Any CPU.Build.0 = Release|Any CPU
		{379F249C-939E-4F64-A8D0-F1A85E377E32}.Debug|Any CPU.ActiveCfg = Debug|Any CPU
		{379F249C-939E-4F64-A8D0-F1A85E377E32}.Debug|Any CPU.Build.0 = Debug|Any CPU
		{379F249C-939E-4F64-A8D0-F1A85E377E32}.Release|Any CPU.ActiveCfg = Release|Any CPU
		{379F249C-939E-4F64-A8D0-F1A85E377E32}.Release|Any CPU.Build.0 = Release|Any CPU
		{16816CFC-7873-430A-99B5-F8C5B7B9FF26}.Debug|Any CPU.ActiveCfg = Debug|Any CPU
		{16816CFC-7873-430A-99B5-F8C5B7B9FF26}.Debug|Any CPU.Build.0 = Debug|Any CPU
		{16816CFC-7873-430A-99B5-F8C5B7B9FF26}.Release|Any CPU.ActiveCfg = Release|Any CPU
		{16816CFC-7873-430A-99B5-F8C5B7B9FF26}.Release|Any CPU.Build.0 = Release|Any CPU
		{A0849B47-283B-4FFC-8945-8ECB0BB087B7}.Debug|Any CPU.ActiveCfg = Debug|Any CPU
		{A0849B47-283B-4FFC-8945-8ECB0BB087B7}.Debug|Any CPU.Build.0 = Debug|Any CPU
		{A0849B47-283B-4FFC-8945-8ECB0BB087B7}.Release|Any CPU.ActiveCfg = Release|Any CPU
		{A0849B47-283B-4FFC-8945-8ECB0BB087B7}.Release|Any CPU.Build.0 = Release|Any CPU
		{E0C4026C-EE61-48A9-ADB5-18A073DEDBED}.Debug|Any CPU.ActiveCfg = Debug|Any CPU
		{E0C4026C-EE61-48A9-ADB5-18A073DEDBED}.Debug|Any CPU.Build.0 = Debug|Any CPU
		{E0C4026C-EE61-48A9-ADB5-18A073DEDBED}.Release|Any CPU.ActiveCfg = Release|Any CPU
		{E0C4026C-EE61-48A9-ADB5-18A073DEDBED}.Release|Any CPU.Build.0 = Release|Any CPU
		{62B77AC1-6B1F-42F4-8F46-C0D66FE56B9F}.Debug|Any CPU.ActiveCfg = Debug|Any CPU
		{62B77AC1-6B1F-42F4-8F46-C0D66FE56B9F}.Debug|Any CPU.Build.0 = Debug|Any CPU
		{62B77AC1-6B1F-42F4-8F46-C0D66FE56B9F}.Release|Any CPU.ActiveCfg = Release|Any CPU
		{62B77AC1-6B1F-42F4-8F46-C0D66FE56B9F}.Release|Any CPU.Build.0 = Release|Any CPU
		{76CE0C58-CF17-4CF8-9F8F-D565A8056774}.Debug|Any CPU.ActiveCfg = Debug|Any CPU
		{76CE0C58-CF17-4CF8-9F8F-D565A8056774}.Debug|Any CPU.Build.0 = Debug|Any CPU
		{76CE0C58-CF17-4CF8-9F8F-D565A8056774}.Release|Any CPU.ActiveCfg = Release|Any CPU
		{76CE0C58-CF17-4CF8-9F8F-D565A8056774}.Release|Any CPU.Build.0 = Release|Any CPU
		{79BFCBF7-E0AB-4D4D-9206-AC45B2855051}.Debug|Any CPU.ActiveCfg = Debug|Any CPU
		{79BFCBF7-E0AB-4D4D-9206-AC45B2855051}.Debug|Any CPU.Build.0 = Debug|Any CPU
		{79BFCBF7-E0AB-4D4D-9206-AC45B2855051}.Release|Any CPU.ActiveCfg = Release|Any CPU
		{79BFCBF7-E0AB-4D4D-9206-AC45B2855051}.Release|Any CPU.Build.0 = Release|Any CPU
		{A41AEC7C-E932-4EA6-A568-FD1762FD3C54}.Debug|Any CPU.ActiveCfg = Debug|Any CPU
		{A41AEC7C-E932-4EA6-A568-FD1762FD3C54}.Debug|Any CPU.Build.0 = Debug|Any CPU
		{A41AEC7C-E932-4EA6-A568-FD1762FD3C54}.Release|Any CPU.ActiveCfg = Release|Any CPU
		{A41AEC7C-E932-4EA6-A568-FD1762FD3C54}.Release|Any CPU.Build.0 = Release|Any CPU
		{2DF2837B-AAB6-467B-BC49-6008346D0EA4}.Debug|Any CPU.ActiveCfg = Debug|Any CPU
		{2DF2837B-AAB6-467B-BC49-6008346D0EA4}.Debug|Any CPU.Build.0 = Debug|Any CPU
		{2DF2837B-AAB6-467B-BC49-6008346D0EA4}.Release|Any CPU.ActiveCfg = Release|Any CPU
		{2DF2837B-AAB6-467B-BC49-6008346D0EA4}.Release|Any CPU.Build.0 = Release|Any CPU
	EndGlobalSection
	GlobalSection(SolutionProperties) = preSolution
		HideSolutionNode = FALSE
	EndGlobalSection
	GlobalSection(NestedProjects) = preSolution
		{C28420D1-942A-4B14-8C0F-364176C81F74} = {CB7F969B-7AA8-45AD-9AE4-9AB646E9C230}
		{7B6A843F-ABDE-4DC6-879C-F22567EF4860} = {CB7F969B-7AA8-45AD-9AE4-9AB646E9C230}
		{4B88AD5F-39AF-4D38-8B88-18AD8A1CF497} = {CB7F969B-7AA8-45AD-9AE4-9AB646E9C230}
		{EAE6B3B4-1F2D-4A76-BC4C-5959C30921F4} = {CB7F969B-7AA8-45AD-9AE4-9AB646E9C230}
		{50F561EE-2FC9-43D7-9F9C-5E885A70ABBC} = {CB7F969B-7AA8-45AD-9AE4-9AB646E9C230}
		{3BF7AA9C-3147-47D0-9335-38922D538AC2} = {CB7F969B-7AA8-45AD-9AE4-9AB646E9C230}
		{D88F7D53-29A2-4717-997D-32977B2B5E9C} = {CB7F969B-7AA8-45AD-9AE4-9AB646E9C230}
		{B0A44868-1662-4670-8D87-547B90F6329F} = {CB7F969B-7AA8-45AD-9AE4-9AB646E9C230}
		{83ED37E5-B871-46E3-B18E-A398A4F9A5FD} = {AB5364B2-AFA3-45F1-BA33-98908617401C}
		{275BEF8C-0938-4216-9539-96AF0AB37D59} = {AB5364B2-AFA3-45F1-BA33-98908617401C}
		{0D7A3DD4-BEAD-4232-8AE9-AF76F7451067} = {AB5364B2-AFA3-45F1-BA33-98908617401C}
		{8BD8F686-500D-4F24-9947-2A88400AE19D} = {628EE4FB-4398-435C-A637-8A7F2F59D2D2}
		{C0EEBC00-9A61-4F42-BB11-CD027CD735C4} = {628EE4FB-4398-435C-A637-8A7F2F59D2D2}
		{993A7171-D6A8-42D9-9862-4BEFBAC71C9B} = {628EE4FB-4398-435C-A637-8A7F2F59D2D2}
		{B4D5F471-DE66-4ECC-BC7F-1E93A7E52789} = {628EE4FB-4398-435C-A637-8A7F2F59D2D2}
		{63E1E5DC-BF6D-4647-AC50-9E6130F1BC79} = {628EE4FB-4398-435C-A637-8A7F2F59D2D2}
		{1FB01F38-6F7E-446C-AA13-C87C5E51F135} = {628EE4FB-4398-435C-A637-8A7F2F59D2D2}
		{94018000-E0DA-412C-8FCE-0EC5A4E2BE58} = {628EE4FB-4398-435C-A637-8A7F2F59D2D2}
		{C6D1F2EE-C9DB-4D2A-9360-35D4E3D1A13D} = {628EE4FB-4398-435C-A637-8A7F2F59D2D2}
		{13A964F1-AD26-400A-85F5-027AA30609E3} = {628EE4FB-4398-435C-A637-8A7F2F59D2D2}
		{729ED72A-2D69-461F-8644-169A98BE30F7} = {628EE4FB-4398-435C-A637-8A7F2F59D2D2}
		{6DFCF76C-0A4A-430A-B707-BA9FD6426866} = {628EE4FB-4398-435C-A637-8A7F2F59D2D2}
		{E20AB576-E3BE-4A1A-AA69-AC82A1C21660} = {628EE4FB-4398-435C-A637-8A7F2F59D2D2}
		{379F249C-939E-4F64-A8D0-F1A85E377E32} = {FAF6C838-3B9D-4855-BA48-F09ADE9E29DD}
		{16816CFC-7873-430A-99B5-F8C5B7B9FF26} = {FAF6C838-3B9D-4855-BA48-F09ADE9E29DD}
		{A0849B47-283B-4FFC-8945-8ECB0BB087B7} = {FAF6C838-3B9D-4855-BA48-F09ADE9E29DD}
		{E0C4026C-EE61-48A9-ADB5-18A073DEDBED} = {FAF6C838-3B9D-4855-BA48-F09ADE9E29DD}
		{62B77AC1-6B1F-42F4-8F46-C0D66FE56B9F} = {57AACA63-0021-429A-B7F7-B2D489D454B7}
		{76CE0C58-CF17-4CF8-9F8F-D565A8056774} = {57AACA63-0021-429A-B7F7-B2D489D454B7}
		{79BFCBF7-E0AB-4D4D-9206-AC45B2855051} = {57AACA63-0021-429A-B7F7-B2D489D454B7}
		{A41AEC7C-E932-4EA6-A568-FD1762FD3C54} = {57AACA63-0021-429A-B7F7-B2D489D454B7}
		{2DF2837B-AAB6-467B-BC49-6008346D0EA4} = {FAF6C838-3B9D-4855-BA48-F09ADE9E29DD}
	EndGlobalSection
	GlobalSection(ExtensibilityGlobals) = postSolution
		SolutionGuid = {0513C17B-C55E-4C6F-90B2-29118935F219}
	EndGlobalSection
EndGlobal
